{
    "name": "nova",
    "version": "12.0.36-0",
    "lockfileVersion": 2,
    "requires": true,
    "packages": {
        "": {
            "name": "nova",
            "version": "12.0.36-0",
            "license": "Apache-2.0",
            "devDependencies": {
                "@angular/cdk": "^12.2.13",
                "prettier": "^2.7.1",
                "prettier-plugin-sort-json": "^0.0.3",
                "rimraf": "^3.0.0",
                "snyk": "^1.483.0",
                "symlink-dir": "^3.1.0"
            }
        },
        "node_modules/@angular/cdk": {
            "version": "12.2.13",
            "resolved": "https://artifactory.solarwinds.com:443/artifactory/api/npm/npm/@angular/cdk/-/cdk-12.2.13.tgz",
            "integrity": "sha1-H9voFK39a0/5BsbZxMbfB7g/Cdg=",
            "dev": true,
            "license": "MIT",
            "dependencies": {
                "tslib": "^2.2.0"
            },
            "optionalDependencies": {
                "parse5": "^5.0.0"
            },
            "peerDependencies": {
                "@angular/common": "^12.0.0 || ^13.0.0-0",
                "@angular/core": "^12.0.0 || ^13.0.0-0",
                "rxjs": "^6.5.3 || ^7.0.0"
            }
        },
        "node_modules/@angular/common": {
            "version": "13.4.0",
            "resolved": "https://artifactory.solarwinds.com:443/artifactory/api/npm/npm/@angular/common/-/common-13.4.0.tgz",
            "integrity": "sha1-rdMrnZqkWXty4junFdQ7NdHpTBw=",
            "dev": true,
            "license": "MIT",
            "peer": true,
            "dependencies": {
                "tslib": "^2.3.0"
            },
            "engines": {
                "node": "^12.20.0 || ^14.15.0 || >=16.10.0"
            },
            "peerDependencies": {
                "@angular/core": "13.4.0",
                "rxjs": "^6.5.3 || ^7.4.0"
            }
        },
        "node_modules/@angular/core": {
            "version": "13.4.0",
            "resolved": "https://artifactory.solarwinds.com:443/artifactory/api/npm/npm/@angular/core/-/core-13.4.0.tgz",
            "integrity": "sha1-FBjjwr4gPdfXJJTdQyeUg3V+rP8=",
            "dev": true,
            "license": "MIT",
            "peer": true,
            "dependencies": {
                "tslib": "^2.3.0"
            },
            "engines": {
                "node": "^12.20.0 || ^14.15.0 || >=16.10.0"
            },
            "peerDependencies": {
                "rxjs": "^6.5.3 || ^7.4.0",
                "zone.js": "~0.11.4"
            }
        },
        "node_modules/@types/prettier": {
            "version": "2.7.0",
            "resolved": "https://artifactory.solarwinds.com:443/artifactory/api/npm/npm/@types/prettier/-/prettier-2.7.0.tgz",
            "integrity": "sha512-RI1L7N4JnW5gQw2spvL7Sllfuf1SaHdrZpCHiBlCXjIlufi1SMNnbu2teze3/QE67Fg2tBlH7W+mi4hVNk4p0A== sha1-6gPp8DdqREb0R5fKGdnEbDbjUtw=",
            "dev": true,
            "license": "MIT"
        },
        "node_modules/balanced-match": {
            "version": "1.0.2",
            "resolved": "https://artifactory.solarwinds.com:443/artifactory/api/npm/npm/balanced-match/-/balanced-match-1.0.2.tgz",
            "integrity": "sha512-3oSeUO0TMV67hN1AmbXsK4yaqU7tjiHlbxRDZOpH0KW9+CeX4bRAaX0Anxt0tx2MrpRpWwQaPwIlISEJhYU5Pw== sha1-6D46fj8wCzTLnYf2FfoMvzV2kO4=",
            "dev": true,
            "license": "MIT"
        },
        "node_modules/better-path-resolve": {
            "version": "1.0.0",
            "resolved": "https://artifactory.solarwinds.com:443/artifactory/api/npm/npm/better-path-resolve/-/better-path-resolve-1.0.0.tgz",
            "integrity": "sha512-pbnl5XzGBdrFU/wT4jqmJVPn2B6UHPBOhzMQkY/SPUPB6QtUXtmBHBIwCbXJol93mOpGMnQyP/+BB19q04xj7g== sha1-E6NaEQTN1Ip7dL+HWPlqHuYT+Z0=",
            "dev": true,
            "license": "MIT",
            "dependencies": {
                "is-windows": "^1.0.0"
            },
            "engines": {
                "node": ">=4"
            }
        },
        "node_modules/brace-expansion": {
            "version": "1.1.11",
            "resolved": "https://artifactory.solarwinds.com:443/artifactory/api/npm/npm/brace-expansion/-/brace-expansion-1.1.11.tgz",
            "integrity": "sha512-iCuPHDFgrHX7H2vEI/5xpz07zSHB00TpugqhmYtVmMO6518mCuRMoOYFldEBl0g187ufozdaHgWKcYFb61qGiA== sha1-PH/L9SnYcibz0vUrlm/1Jx60Qd0=",
            "dev": true,
            "license": "MIT",
            "dependencies": {
                "balanced-match": "^1.0.0",
                "concat-map": "0.0.1"
            }
        },
        "node_modules/concat-map": {
            "version": "0.0.1",
            "resolved": "https://artifactory.solarwinds.com:443/artifactory/api/npm/npm/concat-map/-/concat-map-0.0.1.tgz",
            "integrity": "sha512-/Srv4dswyQNBfohGpz9o6Yb3Gz3SrUDqBH5rTuhGR7ahtlbYKnVxw2bCFMRljaA7EXHaXZ8wsHdodFvbkhKmqg== sha1-2Klr13/Wjfd5OnMDajug1UBdR3s=",
            "dev": true,
            "license": "MIT"
        },
        "node_modules/fs.realpath": {
            "version": "1.0.0",
            "resolved": "https://artifactory.solarwinds.com:443/artifactory/api/npm/npm/fs.realpath/-/fs.realpath-1.0.0.tgz",
            "integrity": "sha512-OO0pH2lK6a0hZnAdau5ItzHPI6pUlvI7jMVnxUQRtw4owF2wk8lOSabtGDCTP4Ggrg2MbGnWO9X8K1t4+fGMDw== sha1-FQStJSMVjKpA20onh8sBQRmU6k8=",
            "dev": true,
            "license": "ISC"
        },
        "node_modules/glob": {
            "version": "7.2.3",
            "resolved": "https://artifactory.solarwinds.com:443/artifactory/api/npm/npm/glob/-/glob-7.2.3.tgz",
            "integrity": "sha512-nFR0zLpU2YCaRxwoCJvL6UvCH2JFyFVIvwTLsIf21AuHlMskA1hhTdk+LlYJtOlYt9v6dvszD2BGRqBL+iQK9Q== sha1-uN8PuAK7+o6JvR2Ti04WV47UTys=",
            "dev": true,
            "license": "ISC",
            "dependencies": {
                "fs.realpath": "^1.0.0",
                "inflight": "^1.0.4",
                "inherits": "2",
                "minimatch": "^3.1.1",
                "once": "^1.3.0",
                "path-is-absolute": "^1.0.0"
            },
            "engines": {
                "node": "*"
            },
            "funding": {
                "url": "https://github.com/sponsors/isaacs"
            }
        },
        "node_modules/graceful-fs": {
            "version": "4.2.10",
            "resolved": "https://artifactory.solarwinds.com:443/artifactory/api/npm/npm/graceful-fs/-/graceful-fs-4.2.10.tgz",
            "integrity": "sha512-9ByhssR2fPVsNZj478qUUbKfmL0+t5BDVyjShtyZZLiK7ZDAArFFfopyOTj0M05wE2tJPisA4iTnnXl2YoPvOA== sha1-FH06AG2kyjzhRyjHrvwofDZ9emw=",
            "dev": true,
            "license": "ISC"
        },
        "node_modules/inflight": {
            "version": "1.0.6",
            "resolved": "https://artifactory.solarwinds.com:443/artifactory/api/npm/npm/inflight/-/inflight-1.0.6.tgz",
            "integrity": "sha512-k92I/b08q4wvFscXCLvqfsHCrjrF7yiXsQuIVvVE7N82W3+aqpzuUdBbfhWcy/FZR3/4IgflMgKLOsvPDrGCJA== sha1-Sb1jMdfQLQwJvJEKEHW6gWW1bfk=",
            "dev": true,
            "license": "ISC",
            "dependencies": {
                "once": "^1.3.0",
                "wrappy": "1"
            }
        },
        "node_modules/inherits": {
            "version": "2.0.4",
            "resolved": "https://artifactory.solarwinds.com:443/artifactory/api/npm/npm/inherits/-/inherits-2.0.4.tgz",
            "integrity": "sha512-k/vGaX4/Yla3WzyMCvTQOXYeIHvqOKtnqBduzTHpzpQZzAskKMhZ2K+EnBiSM9zGSoIFeMpXKxa4dYeZIQqewQ== sha1-D6LGT5MpF8NDOg3tVTY6rjdBa3w=",
            "dev": true,
            "license": "ISC"
        },
        "node_modules/is-windows": {
            "version": "1.0.2",
            "resolved": "https://artifactory.solarwinds.com:443/artifactory/api/npm/npm/is-windows/-/is-windows-1.0.2.tgz",
            "integrity": "sha512-eXK1UInq2bPmjyX6e3VHIzMLobc4J94i4AWn+Hpq3OU5KkrRC96OAcR3PRJ/pGu6m8TRnBHP9dkXQVsT/COVIA== sha1-0YUOuXkezRjmGCzhKjDzlmNLsZ0=",
            "dev": true,
            "license": "MIT",
            "engines": {
                "node": ">=0.10.0"
            }
        },
        "node_modules/make-dir": {
            "version": "3.1.0",
            "resolved": "https://artifactory.solarwinds.com:443/artifactory/api/npm/npm/make-dir/-/make-dir-3.1.0.tgz",
            "integrity": "sha512-g3FeP20LNwhALb/6Cz6Dd4F2ngze0jz7tbzrD2wAV+o9FeNHe4rL+yK2md0J/fiSf1sa1ADhXqi5+oVwOM/eGw== sha1-QV6WcEazp/HRhSd9hKpYIDcmoT8=",
            "dev": true,
            "license": "MIT",
            "dependencies": {
                "semver": "^6.0.0"
            },
            "engines": {
                "node": ">=8"
            },
            "funding": {
                "url": "https://github.com/sponsors/sindresorhus"
            }
        },
        "node_modules/minimatch": {
            "version": "3.1.2",
            "resolved": "https://artifactory.solarwinds.com:443/artifactory/api/npm/npm/minimatch/-/minimatch-3.1.2.tgz",
            "integrity": "sha512-J7p63hRiAjw1NDEww1W7i37+ByIrOWO5XQQAzZ3VOcL0PNybwpfmV/N05zFAzwQ9USyEcX6t3UO+K5aqBQOIHw== sha1-Gc0ZS/0+Qo8EmnCBfAONiatL41s=",
            "dev": true,
            "license": "ISC",
            "dependencies": {
                "brace-expansion": "^1.1.7"
            },
            "engines": {
                "node": "*"
            }
        },
        "node_modules/once": {
            "version": "1.4.0",
            "resolved": "https://artifactory.solarwinds.com:443/artifactory/api/npm/npm/once/-/once-1.4.0.tgz",
            "integrity": "sha512-lNaJgI+2Q5URQBkccEKHTQOPaXdUxnZZElQTZY0MFUAuaEqe1E+Nyvgdz/aIyNi6Z9MzO5dv1H8n58/GELp3+w== sha1-WDsap3WWHUsROsF9nFC6753Xa9E=",
            "dev": true,
            "license": "ISC",
            "dependencies": {
                "wrappy": "1"
            }
        },
        "node_modules/parse5": {
            "version": "5.1.1",
            "resolved": "https://artifactory.solarwinds.com:443/artifactory/api/npm/npm/parse5/-/parse5-5.1.1.tgz",
            "integrity": "sha1-9o5OW6GFKsLK3AD0VV//bCq7YXg=",
            "dev": true,
            "license": "MIT",
            "optional": true
        },
        "node_modules/path-is-absolute": {
            "version": "1.0.1",
            "resolved": "https://artifactory.solarwinds.com:443/artifactory/api/npm/npm/path-is-absolute/-/path-is-absolute-1.0.1.tgz",
            "integrity": "sha512-AVbw3UJ2e9bq64vSaS9Am0fje1Pa8pbGqTTsmXfaIiMpnr5DlDhfJOuLj9Sf95ZPVDAUerDfEk88MPmPe7UCQg== sha1-F0uSaHNVNP+8es5r9TpanhtcX18=",
            "dev": true,
            "license": "MIT",
            "engines": {
                "node": ">=0.10.0"
            }
        },
        "node_modules/prettier": {
            "version": "2.7.1",
            "resolved": "https://artifactory.solarwinds.com:443/artifactory/api/npm/npm/prettier/-/prettier-2.7.1.tgz",
            "integrity": "sha512-ujppO+MkdPqoVINuDFDRLClm7D78qbDt0/NR+wp5FqEZOoTNAjPHWj17QRhu7geIHJfcNhRk1XVQmF8Bp3ye+g== sha1-4jWAaFDQV/l7sINopPfYmfd2DGQ=",
            "dev": true,
            "license": "MIT",
            "bin": {
                "prettier": "bin-prettier.js"
            },
            "engines": {
                "node": ">=10.13.0"
            },
            "funding": {
                "url": "https://github.com/prettier/prettier?sponsor=1"
            }
        },
        "node_modules/prettier-plugin-sort-json": {
            "version": "0.0.3",
            "resolved": "https://artifactory.solarwinds.com:443/artifactory/api/npm/npm/prettier-plugin-sort-json/-/prettier-plugin-sort-json-0.0.3.tgz",
            "integrity": "sha512-1WLOaeaRJRyVzDmuPif32xRn77+K6J00XIin1O/XuXpD5wy3XX8XyoQH/BSlzwdZ3GpnTOJRyIGXhxDCUb4L9Q== sha1-ckpMN34jb2aJ86fpnsTWZtMFNvc=",
            "dev": true,
            "license": "MIT",
            "dependencies": {
                "@types/prettier": "^2.3.2"
            },
            "engines": {
                "node": ">=14.0.0"
            },
            "peerDependencies": {
                "prettier": "^2.3.2"
            }
        },
        "node_modules/rename-overwrite": {
            "version": "2.0.2",
            "resolved": "https://artifactory.solarwinds.com:443/artifactory/api/npm/npm/rename-overwrite/-/rename-overwrite-2.0.2.tgz",
            "integrity": "sha512-XodkUmbg11ZzZoAkYfJYEmj8FscfeRL2KHGALeDSB76ia8A1zqQq0+WkcepXm7QkuzmW0CE3uiFUBr/UJfin+w== sha1-d0H0sVrz62fDd6WwUJdC92G87YE=",
            "dev": true,
            "license": "MIT",
            "dependencies": {
                "graceful-fs": "^4.1.11",
                "rimraf": "^3.0.0"
            },
            "engines": {
                "node": ">=8"
            }
        },
        "node_modules/rimraf": {
            "version": "3.0.2",
            "resolved": "https://artifactory.solarwinds.com:443/artifactory/api/npm/npm/rimraf/-/rimraf-3.0.2.tgz",
            "integrity": "sha512-JZkJMZkAGFFPP2YqXZXPbMlMBgsxzE8ILs4lMIX/2o0L9UBw9O/Y3o6wFw/i9YLapcUJWwqbi3kdxIPdC62TIA== sha1-8aVAK6YiCtUswSgrrBrjqkn9Bho=",
            "dev": true,
            "license": "ISC",
            "dependencies": {
                "glob": "^7.1.3"
            },
            "bin": {
                "rimraf": "bin.js"
            },
            "funding": {
                "url": "https://github.com/sponsors/isaacs"
            }
        },
        "node_modules/rxjs": {
            "version": "7.8.1",
            "resolved": "https://artifactory.solarwinds.com:443/artifactory/api/npm/npm/rxjs/-/rxjs-7.8.1.tgz",
            "integrity": "sha1-b289meqARCke/ZLnx/z1YsQFdUM=",
            "dev": true,
            "license": "Apache-2.0",
            "peer": true,
            "dependencies": {
                "tslib": "^2.1.0"
            }
        },
        "node_modules/semver": {
            "version": "6.3.0",
            "resolved": "https://artifactory.solarwinds.com:443/artifactory/api/npm/npm/semver/-/semver-6.3.0.tgz",
            "integrity": "sha512-b39TBaTSfV6yBrapU89p5fKekE2m/NwnDocOVruQFS1/veMgdzuPcnOM34M6CwxW8jH/lxEa5rBoDeUwu5HHTw== sha1-7gpkyK9ejO6mdoexM3YeG+y9HT0=",
            "dev": true,
            "license": "ISC",
            "bin": {
                "semver": "bin/semver.js"
            }
        },
        "node_modules/snyk": {
            "version": "1.989.0",
            "resolved": "https://artifactory.solarwinds.com:443/artifactory/api/npm/npm/snyk/-/snyk-1.989.0.tgz",
            "integrity": "sha512-PkKqNYogzGo7MUw23IrWEmzQi2cZuWIDCvW/Y3F96tZOv29eC8PzXTj2ebwex4U3rSmK/RpVg1RLMGLcG1rRmw== sha1-k1eZ/3G6AXeTeXtzd07ndxRcWgE=",
            "deprecated": "A medium severity vulnerability was found in the Snyk CLI version you are using. We fixed the vulnerability in version 1.996.0. We recommend updating to the latest version. More details here: https://snyk.co/ue1NS",
            "dev": true,
            "license": "Apache-2.0",
            "workspaces": [
                "packages/*"
            ],
            "bin": {
                "snyk": "bin/snyk"
            },
            "engines": {
                "node": ">=12"
            }
        },
        "node_modules/symlink-dir": {
            "version": "3.1.2",
            "resolved": "https://artifactory.solarwinds.com:443/artifactory/api/npm/npm/symlink-dir/-/symlink-dir-3.1.2.tgz",
            "integrity": "sha512-wuqI+beQTU3XQq6bHTg4tcFiXlAN5uWNus+R0/I/R9O/ORpVHdCo2JQp04dCexBIb94VarosKFU+kjVEgzIQpQ== sha1-gaM+msxGkLXdzauQwBiSgFdqzRc=",
            "dev": true,
            "license": "MIT",
            "dependencies": {
                "better-path-resolve": "^1.0.0",
                "graceful-fs": "^4.1.11",
                "make-dir": "^3.0.0",
                "rename-overwrite": "^2.0.1"
            },
            "bin": {
                "symlink-dir": "dist/cli.js"
            },
            "engines": {
                "node": ">=8.15"
            }
        },
        "node_modules/tslib": {
            "version": "2.5.0",
            "resolved": "https://artifactory.solarwinds.com:443/artifactory/api/npm/npm/tslib/-/tslib-2.5.0.tgz",
            "integrity": "sha1-Qr/thvV4eutB0DGGbI9AJCng/d8=",
            "dev": true,
            "license": "0BSD"
        },
        "node_modules/wrappy": {
            "version": "1.0.2",
            "resolved": "https://artifactory.solarwinds.com:443/artifactory/api/npm/npm/wrappy/-/wrappy-1.0.2.tgz",
            "integrity": "sha512-l4Sp/DRseor9wL6EvV2+TuQn63dMkPjZ/sp9XkghTEbV9KlPS1xUsZ3u7/IQO4wxtcFB4bgpQPRcR3QCvezPcQ== sha1-tSQ9jz7BqjXxNkYFvA0QNuMKtp8=",
            "dev": true,
            "license": "ISC"
        },
        "node_modules/zone.js": {
            "version": "0.11.8",
            "resolved": "https://artifactory.solarwinds.com:443/artifactory/api/npm/npm/zone.js/-/zone.js-0.11.8.tgz",
            "integrity": "sha1-QN6prcGtAHte/7K/7RfzUPH0aiE=",
            "dev": true,
            "license": "MIT",
            "peer": true,
            "dependencies": {
                "tslib": "^2.3.0"
            }
        }
    },
    "dependencies": {
        "@angular/cdk": {
            "version": "12.2.13",
            "resolved": "https://artifactory.solarwinds.com:443/artifactory/api/npm/npm/@angular/cdk/-/cdk-12.2.13.tgz",
            "integrity": "sha1-H9voFK39a0/5BsbZxMbfB7g/Cdg=",
            "dev": true,
            "requires": {
                "parse5": "^5.0.0",
                "tslib": "^2.2.0"
            }
        },
        "@angular/common": {
            "version": "13.4.0",
            "resolved": "https://artifactory.solarwinds.com:443/artifactory/api/npm/npm/@angular/common/-/common-13.4.0.tgz",
            "integrity": "sha1-rdMrnZqkWXty4junFdQ7NdHpTBw=",
            "dev": true,
            "peer": true,
            "requires": {
                "tslib": "^2.3.0"
            }
        },
        "@angular/core": {
            "version": "13.4.0",
            "resolved": "https://artifactory.solarwinds.com:443/artifactory/api/npm/npm/@angular/core/-/core-13.4.0.tgz",
            "integrity": "sha1-FBjjwr4gPdfXJJTdQyeUg3V+rP8=",
            "dev": true,
            "peer": true,
            "requires": {
                "tslib": "^2.3.0"
            }
        },
        "@types/prettier": {
            "version": "2.7.0",
            "resolved": "https://artifactory.solarwinds.com:443/artifactory/api/npm/npm/@types/prettier/-/prettier-2.7.0.tgz",
            "integrity": "sha512-RI1L7N4JnW5gQw2spvL7Sllfuf1SaHdrZpCHiBlCXjIlufi1SMNnbu2teze3/QE67Fg2tBlH7W+mi4hVNk4p0A== sha1-6gPp8DdqREb0R5fKGdnEbDbjUtw=",
            "dev": true
        },
        "balanced-match": {
            "version": "1.0.2",
            "resolved": "https://artifactory.solarwinds.com:443/artifactory/api/npm/npm/balanced-match/-/balanced-match-1.0.2.tgz",
            "integrity": "sha512-3oSeUO0TMV67hN1AmbXsK4yaqU7tjiHlbxRDZOpH0KW9+CeX4bRAaX0Anxt0tx2MrpRpWwQaPwIlISEJhYU5Pw== sha1-6D46fj8wCzTLnYf2FfoMvzV2kO4=",
            "dev": true
        },
        "better-path-resolve": {
            "version": "1.0.0",
            "resolved": "https://artifactory.solarwinds.com:443/artifactory/api/npm/npm/better-path-resolve/-/better-path-resolve-1.0.0.tgz",
            "integrity": "sha512-pbnl5XzGBdrFU/wT4jqmJVPn2B6UHPBOhzMQkY/SPUPB6QtUXtmBHBIwCbXJol93mOpGMnQyP/+BB19q04xj7g== sha1-E6NaEQTN1Ip7dL+HWPlqHuYT+Z0=",
            "dev": true,
            "requires": {
                "is-windows": "^1.0.0"
            }
        },
        "brace-expansion": {
            "version": "1.1.11",
            "resolved": "https://artifactory.solarwinds.com:443/artifactory/api/npm/npm/brace-expansion/-/brace-expansion-1.1.11.tgz",
            "integrity": "sha512-iCuPHDFgrHX7H2vEI/5xpz07zSHB00TpugqhmYtVmMO6518mCuRMoOYFldEBl0g187ufozdaHgWKcYFb61qGiA== sha1-PH/L9SnYcibz0vUrlm/1Jx60Qd0=",
            "dev": true,
            "requires": {
                "balanced-match": "^1.0.0",
                "concat-map": "0.0.1"
            }
        },
        "concat-map": {
            "version": "0.0.1",
            "resolved": "https://artifactory.solarwinds.com:443/artifactory/api/npm/npm/concat-map/-/concat-map-0.0.1.tgz",
            "integrity": "sha512-/Srv4dswyQNBfohGpz9o6Yb3Gz3SrUDqBH5rTuhGR7ahtlbYKnVxw2bCFMRljaA7EXHaXZ8wsHdodFvbkhKmqg== sha1-2Klr13/Wjfd5OnMDajug1UBdR3s=",
            "dev": true
        },
        "fs.realpath": {
            "version": "1.0.0",
            "resolved": "https://artifactory.solarwinds.com:443/artifactory/api/npm/npm/fs.realpath/-/fs.realpath-1.0.0.tgz",
            "integrity": "sha512-OO0pH2lK6a0hZnAdau5ItzHPI6pUlvI7jMVnxUQRtw4owF2wk8lOSabtGDCTP4Ggrg2MbGnWO9X8K1t4+fGMDw== sha1-FQStJSMVjKpA20onh8sBQRmU6k8=",
            "dev": true
        },
        "glob": {
            "version": "7.2.3",
            "resolved": "https://artifactory.solarwinds.com:443/artifactory/api/npm/npm/glob/-/glob-7.2.3.tgz",
            "integrity": "sha512-nFR0zLpU2YCaRxwoCJvL6UvCH2JFyFVIvwTLsIf21AuHlMskA1hhTdk+LlYJtOlYt9v6dvszD2BGRqBL+iQK9Q== sha1-uN8PuAK7+o6JvR2Ti04WV47UTys=",
            "dev": true,
            "requires": {
                "fs.realpath": "^1.0.0",
                "inflight": "^1.0.4",
                "inherits": "2",
                "minimatch": "^3.1.1",
                "once": "^1.3.0",
                "path-is-absolute": "^1.0.0"
            }
        },
        "graceful-fs": {
            "version": "4.2.10",
            "resolved": "https://artifactory.solarwinds.com:443/artifactory/api/npm/npm/graceful-fs/-/graceful-fs-4.2.10.tgz",
            "integrity": "sha512-9ByhssR2fPVsNZj478qUUbKfmL0+t5BDVyjShtyZZLiK7ZDAArFFfopyOTj0M05wE2tJPisA4iTnnXl2YoPvOA== sha1-FH06AG2kyjzhRyjHrvwofDZ9emw=",
            "dev": true
        },
        "inflight": {
            "version": "1.0.6",
            "resolved": "https://artifactory.solarwinds.com:443/artifactory/api/npm/npm/inflight/-/inflight-1.0.6.tgz",
            "integrity": "sha512-k92I/b08q4wvFscXCLvqfsHCrjrF7yiXsQuIVvVE7N82W3+aqpzuUdBbfhWcy/FZR3/4IgflMgKLOsvPDrGCJA== sha1-Sb1jMdfQLQwJvJEKEHW6gWW1bfk=",
            "dev": true,
            "requires": {
                "once": "^1.3.0",
                "wrappy": "1"
            }
        },
        "inherits": {
            "version": "2.0.4",
            "resolved": "https://artifactory.solarwinds.com:443/artifactory/api/npm/npm/inherits/-/inherits-2.0.4.tgz",
            "integrity": "sha512-k/vGaX4/Yla3WzyMCvTQOXYeIHvqOKtnqBduzTHpzpQZzAskKMhZ2K+EnBiSM9zGSoIFeMpXKxa4dYeZIQqewQ== sha1-D6LGT5MpF8NDOg3tVTY6rjdBa3w=",
            "dev": true
        },
        "is-windows": {
            "version": "1.0.2",
            "resolved": "https://artifactory.solarwinds.com:443/artifactory/api/npm/npm/is-windows/-/is-windows-1.0.2.tgz",
            "integrity": "sha512-eXK1UInq2bPmjyX6e3VHIzMLobc4J94i4AWn+Hpq3OU5KkrRC96OAcR3PRJ/pGu6m8TRnBHP9dkXQVsT/COVIA== sha1-0YUOuXkezRjmGCzhKjDzlmNLsZ0=",
            "dev": true
        },
        "make-dir": {
            "version": "3.1.0",
            "resolved": "https://artifactory.solarwinds.com:443/artifactory/api/npm/npm/make-dir/-/make-dir-3.1.0.tgz",
            "integrity": "sha512-g3FeP20LNwhALb/6Cz6Dd4F2ngze0jz7tbzrD2wAV+o9FeNHe4rL+yK2md0J/fiSf1sa1ADhXqi5+oVwOM/eGw== sha1-QV6WcEazp/HRhSd9hKpYIDcmoT8=",
            "dev": true,
            "requires": {
                "semver": "^6.0.0"
            }
        },
        "minimatch": {
            "version": "3.1.2",
            "resolved": "https://artifactory.solarwinds.com:443/artifactory/api/npm/npm/minimatch/-/minimatch-3.1.2.tgz",
            "integrity": "sha512-J7p63hRiAjw1NDEww1W7i37+ByIrOWO5XQQAzZ3VOcL0PNybwpfmV/N05zFAzwQ9USyEcX6t3UO+K5aqBQOIHw== sha1-Gc0ZS/0+Qo8EmnCBfAONiatL41s=",
            "dev": true,
            "requires": {
                "brace-expansion": "^1.1.7"
            }
        },
        "once": {
            "version": "1.4.0",
            "resolved": "https://artifactory.solarwinds.com:443/artifactory/api/npm/npm/once/-/once-1.4.0.tgz",
            "integrity": "sha512-lNaJgI+2Q5URQBkccEKHTQOPaXdUxnZZElQTZY0MFUAuaEqe1E+Nyvgdz/aIyNi6Z9MzO5dv1H8n58/GELp3+w== sha1-WDsap3WWHUsROsF9nFC6753Xa9E=",
            "dev": true,
            "requires": {
                "wrappy": "1"
            }
        },
        "parse5": {
            "version": "5.1.1",
            "resolved": "https://artifactory.solarwinds.com:443/artifactory/api/npm/npm/parse5/-/parse5-5.1.1.tgz",
            "integrity": "sha1-9o5OW6GFKsLK3AD0VV//bCq7YXg=",
            "dev": true,
            "optional": true
        },
        "path-is-absolute": {
            "version": "1.0.1",
            "resolved": "https://artifactory.solarwinds.com:443/artifactory/api/npm/npm/path-is-absolute/-/path-is-absolute-1.0.1.tgz",
            "integrity": "sha512-AVbw3UJ2e9bq64vSaS9Am0fje1Pa8pbGqTTsmXfaIiMpnr5DlDhfJOuLj9Sf95ZPVDAUerDfEk88MPmPe7UCQg== sha1-F0uSaHNVNP+8es5r9TpanhtcX18=",
            "dev": true
        },
        "prettier": {
            "version": "2.7.1",
            "resolved": "https://artifactory.solarwinds.com:443/artifactory/api/npm/npm/prettier/-/prettier-2.7.1.tgz",
            "integrity": "sha512-ujppO+MkdPqoVINuDFDRLClm7D78qbDt0/NR+wp5FqEZOoTNAjPHWj17QRhu7geIHJfcNhRk1XVQmF8Bp3ye+g== sha1-4jWAaFDQV/l7sINopPfYmfd2DGQ=",
            "dev": true
        },
        "prettier-plugin-sort-json": {
            "version": "0.0.3",
            "resolved": "https://artifactory.solarwinds.com:443/artifactory/api/npm/npm/prettier-plugin-sort-json/-/prettier-plugin-sort-json-0.0.3.tgz",
            "integrity": "sha512-1WLOaeaRJRyVzDmuPif32xRn77+K6J00XIin1O/XuXpD5wy3XX8XyoQH/BSlzwdZ3GpnTOJRyIGXhxDCUb4L9Q== sha1-ckpMN34jb2aJ86fpnsTWZtMFNvc=",
            "dev": true,
            "requires": {
                "@types/prettier": "^2.3.2"
            }
        },
        "rename-overwrite": {
            "version": "2.0.2",
            "resolved": "https://artifactory.solarwinds.com:443/artifactory/api/npm/npm/rename-overwrite/-/rename-overwrite-2.0.2.tgz",
            "integrity": "sha512-XodkUmbg11ZzZoAkYfJYEmj8FscfeRL2KHGALeDSB76ia8A1zqQq0+WkcepXm7QkuzmW0CE3uiFUBr/UJfin+w== sha1-d0H0sVrz62fDd6WwUJdC92G87YE=",
            "dev": true,
            "requires": {
                "graceful-fs": "^4.1.11",
                "rimraf": "^3.0.0"
            }
        },
        "rimraf": {
            "version": "3.0.2",
            "resolved": "https://artifactory.solarwinds.com:443/artifactory/api/npm/npm/rimraf/-/rimraf-3.0.2.tgz",
            "integrity": "sha512-JZkJMZkAGFFPP2YqXZXPbMlMBgsxzE8ILs4lMIX/2o0L9UBw9O/Y3o6wFw/i9YLapcUJWwqbi3kdxIPdC62TIA== sha1-8aVAK6YiCtUswSgrrBrjqkn9Bho=",
            "dev": true,
            "requires": {
                "glob": "^7.1.3"
            }
        },
        "rxjs": {
            "version": "7.8.1",
            "resolved": "https://artifactory.solarwinds.com:443/artifactory/api/npm/npm/rxjs/-/rxjs-7.8.1.tgz",
            "integrity": "sha1-b289meqARCke/ZLnx/z1YsQFdUM=",
            "dev": true,
            "peer": true,
            "requires": {
                "tslib": "^2.1.0"
            }
        },
        "semver": {
            "version": "6.3.0",
            "resolved": "https://artifactory.solarwinds.com:443/artifactory/api/npm/npm/semver/-/semver-6.3.0.tgz",
            "integrity": "sha512-b39TBaTSfV6yBrapU89p5fKekE2m/NwnDocOVruQFS1/veMgdzuPcnOM34M6CwxW8jH/lxEa5rBoDeUwu5HHTw== sha1-7gpkyK9ejO6mdoexM3YeG+y9HT0=",
            "dev": true
        },
        "snyk": {
            "version": "1.989.0",
            "resolved": "https://artifactory.solarwinds.com:443/artifactory/api/npm/npm/snyk/-/snyk-1.989.0.tgz",
            "integrity": "sha512-PkKqNYogzGo7MUw23IrWEmzQi2cZuWIDCvW/Y3F96tZOv29eC8PzXTj2ebwex4U3rSmK/RpVg1RLMGLcG1rRmw== sha1-k1eZ/3G6AXeTeXtzd07ndxRcWgE=",
            "dev": true
        },
        "symlink-dir": {
            "version": "3.1.2",
            "resolved": "https://artifactory.solarwinds.com:443/artifactory/api/npm/npm/symlink-dir/-/symlink-dir-3.1.2.tgz",
            "integrity": "sha512-wuqI+beQTU3XQq6bHTg4tcFiXlAN5uWNus+R0/I/R9O/ORpVHdCo2JQp04dCexBIb94VarosKFU+kjVEgzIQpQ== sha1-gaM+msxGkLXdzauQwBiSgFdqzRc=",
            "dev": true,
            "requires": {
                "better-path-resolve": "^1.0.0",
                "graceful-fs": "^4.1.11",
                "make-dir": "^3.0.0",
                "rename-overwrite": "^2.0.1"
            }
        },
        "tslib": {
            "version": "2.5.0",
            "resolved": "https://artifactory.solarwinds.com:443/artifactory/api/npm/npm/tslib/-/tslib-2.5.0.tgz",
            "integrity": "sha1-Qr/thvV4eutB0DGGbI9AJCng/d8=",
            "dev": true
        },
        "wrappy": {
            "version": "1.0.2",
            "resolved": "https://artifactory.solarwinds.com:443/artifactory/api/npm/npm/wrappy/-/wrappy-1.0.2.tgz",
            "integrity": "sha512-l4Sp/DRseor9wL6EvV2+TuQn63dMkPjZ/sp9XkghTEbV9KlPS1xUsZ3u7/IQO4wxtcFB4bgpQPRcR3QCvezPcQ== sha1-tSQ9jz7BqjXxNkYFvA0QNuMKtp8=",
            "dev": true
        },
        "zone.js": {
            "version": "0.11.8",
            "resolved": "https://artifactory.solarwinds.com:443/artifactory/api/npm/npm/zone.js/-/zone.js-0.11.8.tgz",
            "integrity": "sha1-QN6prcGtAHte/7K/7RfzUPH0aiE=",
            "dev": true,
            "peer": true,
            "requires": {
                "tslib": "^2.3.0"
            }
        }
    }
}
